
Microsoft Visual Studio Solution File, Format Version 12.00
# Visual Studio Version 17
VisualStudioVersion = 17.3.32929.385
MinimumVisualStudioVersion = 10.0.40219.1
Project("{9A19103F-16F7-4668-BE54-9A1E7A4F7556}") = "Lesson2", "Lesson2.csproj", "{C7A0332E-FB8B-43A5-996D-91550159306A}"
EndProject
Project("{FAE04EC0-301F-11D3-BF4B-00C04F79EFBC}") = "Lesson2CP", "..\Lesson2CP\Lesson2CP.csproj", "{37062E69-1E0D-4B05-B326-E7B7F81593CB}"
EndProject
Global
	GlobalSection(SolutionConfigurationPlatforms) = preSolution
		Debug|Any CPU = Debug|Any CPU
		Release|Any CPU = Release|Any CPU
	EndGlobalSection
	GlobalSection(ProjectConfigurationPlatforms) = postSolution
		{C7A0332E-FB8B-43A5-996D-91550159306A}.Debug|Any CPU.ActiveCfg = Debug|Any CPU
		{C7A0332E-FB8B-43A5-996D-91550159306A}.Debug|Any CPU.Build.0 = Debug|Any CPU
		{C7A0332E-FB8B-43A5-996D-91550159306A}.Release|Any CPU.ActiveCfg = Release|Any CPU
		{C7A0332E-FB8B-43A5-996D-91550159306A}.Release|Any CPU.Build.0 = Release|Any CPU
		{37062E69-1E0D-4B05-B326-E7B7F81593CB}.Debug|Any CPU.ActiveCfg = Debug|Any CPU
		{37062E69-1E0D-4B05-B326-E7B7F81593CB}.Debug|Any CPU.Build.0 = Debug|Any CPU
		{37062E69-1E0D-4B05-B326-E7B7F81593CB}.Release|Any CPU.ActiveCfg = Release|Any CPU
		{37062E69-1E0D-4B05-B326-E7B7F81593CB}.Release|Any CPU.Build.0 = Release|Any CPU
	EndGlobalSection
	GlobalSection(SolutionProperties) = preSolution
		HideSolutionNode = FALSE
	EndGlobalSection
	GlobalSection(ExtensibilityGlobals) = postSolution
		SolutionGuid = {30D7B446-267A-49FF-96C7-724A5F18909C}
	EndGlobalSection
EndGlobal
